
Microsoft Visual Studio Solution File, Format Version 12.00
# Visual Studio Version 16
VisualStudioVersion = 16.0.30002.166
MinimumVisualStudioVersion = 10.0.40219.1
Project("{FAE04EC0-301F-11D3-BF4B-00C04F79EFBC}") = "PickACardUI", "PickACardUI.csproj", "{AD63353A-B0B0-485D-BE4A-9D96F9DAEDF0}"
EndProject
Global
	GlobalSection(SolutionConfigurationPlatforms) = preSolution
		Debug|Any CPU = Debug|Any CPU
		Release|Any CPU = Release|Any CPU
	EndGlobalSection
	GlobalSection(ProjectConfigurationPlatforms) = postSolution
		{AD63353A-B0B0-485D-BE4A-9D96F9DAEDF0}.Debug|Any CPU.ActiveCfg = Debug|Any CPU
		{AD63353A-B0B0-485D-BE4A-9D96F9DAEDF0}.Debug|Any CPU.Build.0 = Debug|Any CPU
		{AD63353A-B0B0-485D-BE4A-9D96F9DAEDF0}.Release|Any CPU.ActiveCfg = Release|Any CPU
		{AD63353A-B0B0-485D-BE4A-9D96F9DAEDF0}.Release|Any CPU.Build.0 = Release|Any CPU
	EndGlobalSection
	GlobalSection(SolutionProperties) = preSolution
		HideSolutionNode = FALSE
	EndGlobalSection
	GlobalSection(ExtensibilityGlobals) = postSolution
		SolutionGuid = {82D61243-78AF-4DC1-BE83-ECCAA5FD7CD2}
	EndGlobalSection
EndGlobal
